
Microsoft Visual Studio Solution File, Format Version 12.00
# Visual Studio Version 16
VisualStudioVersion = 16.0.30717.126
MinimumVisualStudioVersion = 10.0.40219.1
Project("{FAE04EC0-301F-11D3-BF4B-00C04F79EFBC}") = "Spdx", "Spdx\Spdx.csproj", "{8ADD30E3-5805-450A-8761-EE67178F8346}"
EndProject
Global
	GlobalSection(SolutionConfigurationPlatforms) = preSolution
		Debug|Any CPU = Debug|Any CPU
		Release|Any CPU = Release|Any CPU
	EndGlobalSection
	GlobalSection(ProjectConfigurationPlatforms) = postSolution
		{8ADD30E3-5805-450A-8761-EE67178F8346}.Debug|Any CPU.ActiveCfg = Debug|Any CPU
		{8ADD30E3-5805-450A-8761-EE67178F8346}.Debug|Any CPU.Build.0 = Debug|Any CPU
		{8ADD30E3-5805-450A-8761-EE67178F8346}.Release|Any CPU.ActiveCfg = Release|Any CPU
		{8ADD30E3-5805-450A-8761-EE67178F8346}.Release|Any CPU.Build.0 = Release|Any CPU
	EndGlobalSection
	GlobalSection(SolutionProperties) = preSolution
		HideSolutionNode = FALSE
	EndGlobalSection
	GlobalSection(ExtensibilityGlobals) = postSolution
		SolutionGuid = {3291D18A-604F-4CC7-B130-CBC8CD479C88}
	EndGlobalSection
EndGlobal
